
Microsoft Visual Studio Solution File, Format Version 12.00
# Visual Studio Version 16
VisualStudioVersion = 16.0.29424.173
MinimumVisualStudioVersion = 10.0.40219.1
Project("{FAE04EC0-301F-11D3-BF4B-00C04F79EFBC}") = "CorePuzzlesRebuilt", "CorePuzzlesRebuilt\CorePuzzlesRebuilt.csproj", "{99D6B77E-2253-4B2E-BC5D-3411F406E043}"
EndProject
Project("{9A19103F-16F7-4668-BE54-9A1E7A4F7556}") = "BenchmarkDecimal", "Code-DecimalBenchmark\BenchmarkDecimal.csproj", "{F519222F-1ED4-4FD5-AA4D-7FE18C489349}"
EndProject
Project("{9A19103F-16F7-4668-BE54-9A1E7A4F7556}") = "BenchmarkString", "BenchmarkString\BenchmarkString.csproj", "{CDE58372-668E-4E33-9894-38B170C4175F}"
EndProject
Project("{FAE04EC0-301F-11D3-BF4B-00C04F79EFBC}") = "OverloadPuzzles", "OverloadPuzzles\OverloadPuzzles.csproj", "{1CDD889D-A9E8-485B-9A6C-20A7DCC48E38}"
EndProject
Project("{FAE04EC0-301F-11D3-BF4B-00C04F79EFBC}") = "ImmutabilityTests", "ImmutabilityTests\ImmutabilityTests.csproj", "{2B22F8CF-B5CF-441D-A6C3-BF295AD550B9}"
EndProject
Global
	GlobalSection(SolutionConfigurationPlatforms) = preSolution
		Debug|Any CPU = Debug|Any CPU
		Release|Any CPU = Release|Any CPU
	EndGlobalSection
	GlobalSection(ProjectConfigurationPlatforms) = postSolution
		{99D6B77E-2253-4B2E-BC5D-3411F406E043}.Debug|Any CPU.ActiveCfg = Debug|Any CPU
		{99D6B77E-2253-4B2E-BC5D-3411F406E043}.Debug|Any CPU.Build.0 = Debug|Any CPU
		{99D6B77E-2253-4B2E-BC5D-3411F406E043}.Release|Any CPU.ActiveCfg = Release|Any CPU
		{99D6B77E-2253-4B2E-BC5D-3411F406E043}.Release|Any CPU.Build.0 = Release|Any CPU
		{F519222F-1ED4-4FD5-AA4D-7FE18C489349}.Debug|Any CPU.ActiveCfg = Release|Any CPU
		{F519222F-1ED4-4FD5-AA4D-7FE18C489349}.Debug|Any CPU.Build.0 = Release|Any CPU
		{F519222F-1ED4-4FD5-AA4D-7FE18C489349}.Release|Any CPU.ActiveCfg = Release|Any CPU
		{F519222F-1ED4-4FD5-AA4D-7FE18C489349}.Release|Any CPU.Build.0 = Release|Any CPU
		{CDE58372-668E-4E33-9894-38B170C4175F}.Debug|Any CPU.ActiveCfg = Release|Any CPU
		{CDE58372-668E-4E33-9894-38B170C4175F}.Debug|Any CPU.Build.0 = Release|Any CPU
		{CDE58372-668E-4E33-9894-38B170C4175F}.Release|Any CPU.ActiveCfg = Release|Any CPU
		{CDE58372-668E-4E33-9894-38B170C4175F}.Release|Any CPU.Build.0 = Release|Any CPU
		{1CDD889D-A9E8-485B-9A6C-20A7DCC48E38}.Debug|Any CPU.ActiveCfg = Debug|Any CPU
		{1CDD889D-A9E8-485B-9A6C-20A7DCC48E38}.Debug|Any CPU.Build.0 = Debug|Any CPU
		{1CDD889D-A9E8-485B-9A6C-20A7DCC48E38}.Release|Any CPU.ActiveCfg = Release|Any CPU
		{1CDD889D-A9E8-485B-9A6C-20A7DCC48E38}.Release|Any CPU.Build.0 = Release|Any CPU
		{2B22F8CF-B5CF-441D-A6C3-BF295AD550B9}.Debug|Any CPU.ActiveCfg = Debug|Any CPU
		{2B22F8CF-B5CF-441D-A6C3-BF295AD550B9}.Debug|Any CPU.Build.0 = Debug|Any CPU
		{2B22F8CF-B5CF-441D-A6C3-BF295AD550B9}.Release|Any CPU.ActiveCfg = Release|Any CPU
		{2B22F8CF-B5CF-441D-A6C3-BF295AD550B9}.Release|Any CPU.Build.0 = Release|Any CPU
	EndGlobalSection
	GlobalSection(SolutionProperties) = preSolution
		HideSolutionNode = FALSE
	EndGlobalSection
	GlobalSection(ExtensibilityGlobals) = postSolution
		SolutionGuid = {A2939C9D-27B9-4EC3-96CB-181DDC759EC3}
	EndGlobalSection
EndGlobal
